
Microsoft Visual Studio Solution File, Format Version 12.00
# Visual Studio 15
VisualStudioVersion = 15.0.28307.1300
MinimumVisualStudioVersion = 10.0.40219.1
Project("{FAE04EC0-301F-11D3-BF4B-00C04F79EFBC}") = "CrudWithEntityFrameworkApp", "CrudWithEntityFrameworkApp\CrudWithEntityFrameworkApp.csproj", "{FB28775A-91FA-4C53-8908-40E483EC63F4}"
EndProject
Global
	GlobalSection(SolutionConfigurationPlatforms) = preSolution
		Debug|Any CPU = Debug|Any CPU
		Release|Any CPU = Release|Any CPU
	EndGlobalSection
	GlobalSection(ProjectConfigurationPlatforms) = postSolution
		{FB28775A-91FA-4C53-8908-40E483EC63F4}.Debug|Any CPU.ActiveCfg = Debug|Any CPU
		{FB28775A-91FA-4C53-8908-40E483EC63F4}.Debug|Any CPU.Build.0 = Debug|Any CPU
		{FB28775A-91FA-4C53-8908-40E483EC63F4}.Release|Any CPU.ActiveCfg = Release|Any CPU
		{FB28775A-91FA-4C53-8908-40E483EC63F4}.Release|Any CPU.Build.0 = Release|Any CPU
	EndGlobalSection
	GlobalSection(SolutionProperties) = preSolution
		HideSolutionNode = FALSE
	EndGlobalSection
	GlobalSection(ExtensibilityGlobals) = postSolution
		SolutionGuid = {A2C804E3-5E9F-4C35-A362-7D8B05DA5E5D}
	EndGlobalSection
EndGlobal
